// !$*UTF8*$!
{
	archiveVersion = 1;
	classes = {
	};
	objectVersion = 56;
	objects = {

/* Begin PBXBuildFile section */
		12BE24B5D60445FF7AF4B5F1 /* Pods_ChiTieuCaNhanTests.framework in Frameworks */ = {isa = PBXBuildFile; fileRef = F4ECA405897E1DFA1943F1D8 /* Pods_ChiTieuCaNhanTests.framework */; };
		8542BFA12B4475C1003074C3 /* AppDelegate.swift in Sources */ = {isa = PBXBuildFile; fileRef = 8542BFA02B4475C1003074C3 /* AppDelegate.swift */; };
		8542BFA32B4475C1003074C3 /* SceneDelegate.swift in Sources */ = {isa = PBXBuildFile; fileRef = 8542BFA22B4475C1003074C3 /* SceneDelegate.swift */; };
		8542BFA52B4475C1003074C3 /* ViewController.swift in Sources */ = {isa = PBXBuildFile; fileRef = 8542BFA42B4475C1003074C3 /* ViewController.swift */; };
		8542BFA82B4475C1003074C3 /* Main.storyboard in Resources */ = {isa = PBXBuildFile; fileRef = 8542BFA62B4475C1003074C3 /* Main.storyboard */; };
		8542BFAA2B4475C3003074C3 /* Assets.xcassets in Resources */ = {isa = PBXBuildFile; fileRef = 8542BFA92B4475C3003074C3 /* Assets.xcassets */; };
		8542BFAD2B4475C3003074C3 /* LaunchScreen.storyboard in Resources */ = {isa = PBXBuildFile; fileRef = 8542BFAB2B4475C3003074C3 /* LaunchScreen.storyboard */; };
		8542BFB82B4475C4003074C3 /* ChiTieuCaNhanTests.swift in Sources */ = {isa = PBXBuildFile; fileRef = 8542BFB72B4475C4003074C3 /* ChiTieuCaNhanTests.swift */; };
		8542BFC22B4475C4003074C3 /* ChiTieuCaNhanUITests.swift in Sources */ = {isa = PBXBuildFile; fileRef = 8542BFC12B4475C4003074C3 /* ChiTieuCaNhanUITests.swift */; };
		8542BFC42B4475C4003074C3 /* ChiTieuCaNhanUITestsLaunchTests.swift in Sources */ = {isa = PBXBuildFile; fileRef = 8542BFC32B4475C4003074C3 /* ChiTieuCaNhanUITestsLaunchTests.swift */; };
		8542BFD12B4476B4003074C3 /* ChiTieu.swift in Sources */ = {isa = PBXBuildFile; fileRef = 8542BFD02B4476B4003074C3 /* ChiTieu.swift */; };
		8542BFD32B4476FC003074C3 /* ChiTieuTableViewController.swift in Sources */ = {isa = PBXBuildFile; fileRef = 8542BFD22B4476FC003074C3 /* ChiTieuTableViewController.swift */; };
		8542BFD52B447766003074C3 /* AddEditTableViewController.swift in Sources */ = {isa = PBXBuildFile; fileRef = 8542BFD42B447766003074C3 /* AddEditTableViewController.swift */; };
		8542BFD72B4477A5003074C3 /* ChiTieuTableViewCell.swift in Sources */ = {isa = PBXBuildFile; fileRef = 8542BFD62B4477A5003074C3 /* ChiTieuTableViewCell.swift */; };
		A73D3B94917EF6BCFF4F50F6 /* Pods_ChiTieuCaNhan.framework in Frameworks */ = {isa = PBXBuildFile; fileRef = 490E8F2CAAF6FAFE6208398B /* Pods_ChiTieuCaNhan.framework */; };
		B5A8131C158A449E7C2B77E9 /* Pods_ChiTieuCaNhan_ChiTieuCaNhanUITests.framework in Frameworks */ = {isa = PBXBuildFile; fileRef = BB442B7CB50128C40BE262DD /* Pods_ChiTieuCaNhan_ChiTieuCaNhanUITests.framework */; };
/* End PBXBuildFile section */

/* Begin PBXContainerItemProxy section */
		8542BFB42B4475C4003074C3 /* PBXContainerItemProxy */ = {
			isa = PBXContainerItemProxy;
			containerPortal = 8542BF952B4475C0003074C3 /* Project object */;
			proxyType = 1;
			remoteGlobalIDString = 8542BF9C2B4475C1003074C3;
			remoteInfo = ChiTieuCaNhan;
		};
		8542BFBE2B4475C4003074C3 /* PBXContainerItemProxy */ = {
			isa = PBXContainerItemProxy;
			containerPortal = 8542BF952B4475C0003074C3 /* Project object */;
			proxyType = 1;
			remoteGlobalIDString = 8542BF9C2B4475C1003074C3;
			remoteInfo = ChiTieuCaNhan;
		};
/* End PBXContainerItemProxy section */

/* Begin PBXFileReference section */
		41CE79089D4265E84B0A2279 /* Pods-ChiTieuCaNhan.debug.xcconfig */ = {isa = PBXFileReference; includeInIndex = 1; lastKnownFileType = text.xcconfig; name = "Pods-ChiTieuCaNhan.debug.xcconfig"; path = "Target Support Files/Pods-ChiTieuCaNhan/Pods-ChiTieuCaNhan.debug.xcconfig"; sourceTree = "<group>"; };
		45336C44A9964B8155D74346 /* Pods-ChiTieuCaNhan-ChiTieuCaNhanUITests.debug.xcconfig */ = {isa = PBXFileReference; includeInIndex = 1; lastKnownFileType = text.xcconfig; name = "Pods-ChiTieuCaNhan-ChiTieuCaNhanUITests.debug.xcconfig"; path = "Target Support Files/Pods-ChiTieuCaNhan-ChiTieuCaNhanUITests/Pods-ChiTieuCaNhan-ChiTieuCaNhanUITests.debug.xcconfig"; sourceTree = "<group>"; };
		490E8F2CAAF6FAFE6208398B /* Pods_ChiTieuCaNhan.framework */ = {isa = PBXFileReference; explicitFileType = wrapper.framework; includeInIndex = 0; path = Pods_ChiTieuCaNhan.framework; sourceTree = BUILT_PRODUCTS_DIR; };
		631888F81A9836453C94FF00 /* Pods-ChiTieuCaNhanTests.debug.xcconfig */ = {isa = PBXFileReference; includeInIndex = 1; lastKnownFileType = text.xcconfig; name = "Pods-ChiTieuCaNhanTests.debug.xcconfig"; path = "Target Support Files/Pods-ChiTieuCaNhanTests/Pods-ChiTieuCaNhanTests.debug.xcconfig"; sourceTree = "<group>"; };
		8542BF9D2B4475C1003074C3 /* ChiTieuCaNhan.app */ = {isa = PBXFileReference; explicitFileType = wrapper.application; includeInIndex = 0; path = ChiTieuCaNhan.app; sourceTree = BUILT_PRODUCTS_DIR; };
		8542BFA02B4475C1003074C3 /* AppDelegate.swift */ = {isa = PBXFileReference; lastKnownFileType = sourcecode.swift; path = AppDelegate.swift; sourceTree = "<group>"; };
		8542BFA22B4475C1003074C3 /* SceneDelegate.swift */ = {isa = PBXFileReference; lastKnownFileType = sourcecode.swift; path = SceneDelegate.swift; sourceTree = "<group>"; };
		8542BFA42B4475C1003074C3 /* ViewController.swift */ = {isa = PBXFileReference; lastKnownFileType = sourcecode.swift; path = ViewController.swift; sourceTree = "<group>"; };
		8542BFA72B4475C1003074C3 /* Base */ = {isa = PBXFileReference; lastKnownFileType = file.storyboard; name = Base; path = Base.lproj/Main.storyboard; sourceTree = "<group>"; };
		8542BFA92B4475C3003074C3 /* Assets.xcassets */ = {isa = PBXFileReference; lastKnownFileType = folder.assetcatalog; path = Assets.xcassets; sourceTree = "<group>"; };
		8542BFAC2B4475C3003074C3 /* Base */ = {isa = PBXFileReference; lastKnownFileType = file.storyboard; name = Base; path = Base.lproj/LaunchScreen.storyboard; sourceTree = "<group>"; };
		8542BFAE2B4475C3003074C3 /* Info.plist */ = {isa = PBXFileReference; lastKnownFileType = text.plist.xml; path = Info.plist; sourceTree = "<group>"; };
		8542BFB32B4475C4003074C3 /* ChiTieuCaNhanTests.xctest */ = {isa = PBXFileReference; explicitFileType = wrapper.cfbundle; includeInIndex = 0; path = ChiTieuCaNhanTests.xctest; sourceTree = BUILT_PRODUCTS_DIR; };
		8542BFB72B4475C4003074C3 /* ChiTieuCaNhanTests.swift */ = {isa = PBXFileReference; lastKnownFileType = sourcecode.swift; path = ChiTieuCaNhanTests.swift; sourceTree = "<group>"; };
		8542BFBD2B4475C4003074C3 /* ChiTieuCaNhanUITests.xctest */ = {isa = PBXFileReference; explicitFileType = wrapper.cfbundle; includeInIndex = 0; path = ChiTieuCaNhanUITests.xctest; sourceTree = BUILT_PRODUCTS_DIR; };
		8542BFC12B4475C4003074C3 /* ChiTieuCaNhanUITests.swift */ = {isa = PBXFileReference; lastKnownFileType = sourcecode.swift; path = ChiTieuCaNhanUITests.swift; sourceTree = "<group>"; };
		8542BFC32B4475C4003074C3 /* ChiTieuCaNhanUITestsLaunchTests.swift */ = {isa = PBXFileReference; lastKnownFileType = sourcecode.swift; path = ChiTieuCaNhanUITestsLaunchTests.swift; sourceTree = "<group>"; };
		8542BFD02B4476B4003074C3 /* ChiTieu.swift */ = {isa = PBXFileReference; lastKnownFileType = sourcecode.swift; path = ChiTieu.swift; sourceTree = "<group>"; };
		8542BFD22B4476FC003074C3 /* ChiTieuTableViewController.swift */ = {isa = PBXFileReference; lastKnownFileType = sourcecode.swift; path = ChiTieuTableViewController.swift; sourceTree = "<group>"; };
		8542BFD42B447766003074C3 /* AddEditTableViewController.swift */ = {isa = PBXFileReference; lastKnownFileType = sourcecode.swift; path = AddEditTableViewController.swift; sourceTree = "<group>"; };
		8542BFD62B4477A5003074C3 /* ChiTieuTableViewCell.swift */ = {isa = PBXFileReference; lastKnownFileType = sourcecode.swift; path = ChiTieuTableViewCell.swift; sourceTree = "<group>"; };
		BB442B7CB50128C40BE262DD /* Pods_ChiTieuCaNhan_ChiTieuCaNhanUITests.framework */ = {isa = PBXFileReference; explicitFileType = wrapper.framework; includeInIndex = 0; path = Pods_ChiTieuCaNhan_ChiTieuCaNhanUITests.framework; sourceTree = BUILT_PRODUCTS_DIR; };
		E9DB46024825AFDC667D2DA9 /* Pods-ChiTieuCaNhan-ChiTieuCaNhanUITests.release.xcconfig */ = {isa = PBXFileReference; includeInIndex = 1; lastKnownFileType = text.xcconfig; name = "Pods-ChiTieuCaNhan-ChiTieuCaNhanUITests.release.xcconfig"; path = "Target Support Files/Pods-ChiTieuCaNhan-ChiTieuCaNhanUITests/Pods-ChiTieuCaNhan-ChiTieuCaNhanUITests.release.xcconfig"; sourceTree = "<group>"; };
		F1D1557AF204B4ABAC020B2C /* Pods-ChiTieuCaNhanTests.release.xcconfig */ = {isa = PBXFileReference; includeInIndex = 1; lastKnownFileType = text.xcconfig; name = "Pods-ChiTieuCaNhanTests.release.xcconfig"; path = "Target Support Files/Pods-ChiTieuCaNhanTests/Pods-ChiTieuCaNhanTests.release.xcconfig"; sourceTree = "<group>"; };
		F4ECA405897E1DFA1943F1D8 /* Pods_ChiTieuCaNhanTests.framework */ = {isa = PBXFileReference; explicitFileType = wrapper.framework; includeInIndex = 0; path = Pods_ChiTieuCaNhanTests.framework; sourceTree = BUILT_PRODUCTS_DIR; };
		F5B765DB9E41485FE9BF378C /* Pods-ChiTieuCaNhan.release.xcconfig */ = {isa = PBXFileReference; includeInIndex = 1; lastKnownFileType = text.xcconfig; name = "Pods-ChiTieuCaNhan.release.xcconfig"; path = "Target Support Files/Pods-ChiTieuCaNhan/Pods-ChiTieuCaNhan.release.xcconfig"; sourceTree = "<group>"; };
/* End PBXFileReference section */

/* Begin PBXFrameworksBuildPhase section */
		8542BF9A2B4475C1003074C3 /* Frameworks */ = {
			isa = PBXFrameworksBuildPhase;
			buildActionMask = 2147483647;
			files = (
				A73D3B94917EF6BCFF4F50F6 /* Pods_ChiTieuCaNhan.framework in Frameworks */,
			);
			runOnlyForDeploymentPostprocessing = 0;
		};
		8542BFB02B4475C4003074C3 /* Frameworks */ = {
			isa = PBXFrameworksBuildPhase;
			buildActionMask = 2147483647;
			files = (
				12BE24B5D60445FF7AF4B5F1 /* Pods_ChiTieuCaNhanTests.framework in Frameworks */,
			);
			runOnlyForDeploymentPostprocessing = 0;
		};
		8542BFBA2B4475C4003074C3 /* Frameworks */ = {
			isa = PBXFrameworksBuildPhase;
			buildActionMask = 2147483647;
			files = (
				B5A8131C158A449E7C2B77E9 /* Pods_ChiTieuCaNhan_ChiTieuCaNhanUITests.framework in Frameworks */,
			);
			runOnlyForDeploymentPostprocessing = 0;
		};
/* End PBXFrameworksBuildPhase section */

/* Begin PBXGroup section */
		8542BF942B4475C0003074C3 = {
			isa = PBXGroup;
			children = (
				8542BF9F2B4475C1003074C3 /* ChiTieuCaNhan */,
				8542BFB62B4475C4003074C3 /* ChiTieuCaNhanTests */,
				8542BFC02B4475C4003074C3 /* ChiTieuCaNhanUITests */,
				8542BF9E2B4475C1003074C3 /* Products */,
				C0261E86F87F62293D3A9E84 /* Pods */,
				AAB1819D9D0D7114CF604479 /* Frameworks */,
			);
			sourceTree = "<group>";
		};
		8542BF9E2B4475C1003074C3 /* Products */ = {
			isa = PBXGroup;
			children = (
				8542BF9D2B4475C1003074C3 /* ChiTieuCaNhan.app */,
				8542BFB32B4475C4003074C3 /* ChiTieuCaNhanTests.xctest */,
				8542BFBD2B4475C4003074C3 /* ChiTieuCaNhanUITests.xctest */,
			);
			name = Products;
			sourceTree = "<group>";
		};
		8542BF9F2B4475C1003074C3 /* ChiTieuCaNhan */ = {
			isa = PBXGroup;
			children = (
				8542BFA02B4475C1003074C3 /* AppDelegate.swift */,
				8542BFA22B4475C1003074C3 /* SceneDelegate.swift */,
				8542BFA42B4475C1003074C3 /* ViewController.swift */,
				8542BFD62B4477A5003074C3 /* ChiTieuTableViewCell.swift */,
				8542BFA62B4475C1003074C3 /* Main.storyboard */,
				8542BFD42B447766003074C3 /* AddEditTableViewController.swift */,
				8542BFD02B4476B4003074C3 /* ChiTieu.swift */,
				8542BFD22B4476FC003074C3 /* ChiTieuTableViewController.swift */,
				8542BFA92B4475C3003074C3 /* Assets.xcassets */,
				8542BFAB2B4475C3003074C3 /* LaunchScreen.storyboard */,
				8542BFAE2B4475C3003074C3 /* Info.plist */,
			);
			path = ChiTieuCaNhan;
			sourceTree = "<group>";
		};
		8542BFB62B4475C4003074C3 /* ChiTieuCaNhanTests */ = {
			isa = PBXGroup;
			children = (
				8542BFB72B4475C4003074C3 /* ChiTieuCaNhanTests.swift */,
			);
			path = ChiTieuCaNhanTests;
			sourceTree = "<group>";
		};
		8542BFC02B4475C4003074C3 /* ChiTieuCaNhanUITests */ = {
			isa = PBXGroup;
			children = (
				8542BFC12B4475C4003074C3 /* ChiTieuCaNhanUITests.swift */,
				8542BFC32B4475C4003074C3 /* ChiTieuCaNhanUITestsLaunchTests.swift */,
			);
			path = ChiTieuCaNhanUITests;
			sourceTree = "<group>";
		};
		AAB1819D9D0D7114CF604479 /* Frameworks */ = {
			isa = PBXGroup;
			children = (
				490E8F2CAAF6FAFE6208398B /* Pods_ChiTieuCaNhan.framework */,
				BB442B7CB50128C40BE262DD /* Pods_ChiTieuCaNhan_ChiTieuCaNhanUITests.framework */,
				F4ECA405897E1DFA1943F1D8 /* Pods_ChiTieuCaNhanTests.framework */,
			);
			name = Frameworks;
			sourceTree = "<group>";
		};
		C0261E86F87F62293D3A9E84 /* Pods */ = {
			isa = PBXGroup;
			children = (
				41CE79089D4265E84B0A2279 /* Pods-ChiTieuCaNhan.debug.xcconfig */,
				F5B765DB9E41485FE9BF378C /* Pods-ChiTieuCaNhan.release.xcconfig */,
				45336C44A9964B8155D74346 /* Pods-ChiTieuCaNhan-ChiTieuCaNhanUITests.debug.xcconfig */,
				E9DB46024825AFDC667D2DA9 /* Pods-ChiTieuCaNhan-ChiTieuCaNhanUITests.release.xcconfig */,
				631888F81A9836453C94FF00 /* Pods-ChiTieuCaNhanTests.debug.xcconfig */,
				F1D1557AF204B4ABAC020B2C /* Pods-ChiTieuCaNhanTests.release.xcconfig */,
			);
			path = Pods;
			sourceTree = "<group>";
		};
/* End PBXGroup section */

/* Begin PBXNativeTarget section */
		8542BF9C2B4475C1003074C3 /* ChiTieuCaNhan */ = {
			isa = PBXNativeTarget;
			buildConfigurationList = 8542BFC72B4475C4003074C3 /* Build configuration list for PBXNativeTarget "ChiTieuCaNhan" */;
			buildPhases = (
				62973F2B28A40F20BBDAEF90 /* [CP] Check Pods Manifest.lock */,
				8542BF992B4475C1003074C3 /* Sources */,
				8542BF9A2B4475C1003074C3 /* Frameworks */,
				8542BF9B2B4475C1003074C3 /* Resources */,
				014D712618F28BB2A0990E1E /* [CP] Embed Pods Frameworks */,
			);
			buildRules = (
			);
			dependencies = (
			);
			name = ChiTieuCaNhan;
			productName = ChiTieuCaNhan;
			productReference = 8542BF9D2B4475C1003074C3 /* ChiTieuCaNhan.app */;
			productType = "com.apple.product-type.application";
		};
		8542BFB22B4475C4003074C3 /* ChiTieuCaNhanTests */ = {
			isa = PBXNativeTarget;
			buildConfigurationList = 8542BFCA2B4475C4003074C3 /* Build configuration list for PBXNativeTarget "ChiTieuCaNhanTests" */;
			buildPhases = (
				65B5A8522333A74758F802CA /* [CP] Check Pods Manifest.lock */,
				8542BFAF2B4475C4003074C3 /* Sources */,
				8542BFB02B4475C4003074C3 /* Frameworks */,
				8542BFB12B4475C4003074C3 /* Resources */,
			);
			buildRules = (
			);
			dependencies = (
				8542BFB52B4475C4003074C3 /* PBXTargetDependency */,
			);
			name = ChiTieuCaNhanTests;
			productName = ChiTieuCaNhanTests;
			productReference = 8542BFB32B4475C4003074C3 /* ChiTieuCaNhanTests.xctest */;
			productType = "com.apple.product-type.bundle.unit-test";
		};
		8542BFBC2B4475C4003074C3 /* ChiTieuCaNhanUITests */ = {
			isa = PBXNativeTarget;
			buildConfigurationList = 8542BFCD2B4475C4003074C3 /* Build configuration list for PBXNativeTarget "ChiTieuCaNhanUITests" */;
			buildPhases = (
				2E658738F717237B23790ECF /* [CP] Check Pods Manifest.lock */,
				8542BFB92B4475C4003074C3 /* Sources */,
				8542BFBA2B4475C4003074C3 /* Frameworks */,
				8542BFBB2B4475C4003074C3 /* Resources */,
				CF5C2EC5821F9D861C0C444E /* [CP] Embed Pods Frameworks */,
			);
			buildRules = (
			);
			dependencies = (
				8542BFBF2B4475C4003074C3 /* PBXTargetDependency */,
			);
			name = ChiTieuCaNhanUITests;
			productName = ChiTieuCaNhanUITests;
			productReference = 8542BFBD2B4475C4003074C3 /* ChiTieuCaNhanUITests.xctest */;
			productType = "com.apple.product-type.bundle.ui-testing";
		};
/* End PBXNativeTarget section */

/* Begin PBXProject section */
		8542BF952B4475C0003074C3 /* Project object */ = {
			isa = PBXProject;
			attributes = {
				BuildIndependentTargetsInParallel = 1;
				LastSwiftUpdateCheck = 1500;
				LastUpgradeCheck = 1500;
				TargetAttributes = {
					8542BF9C2B4475C1003074C3 = {
						CreatedOnToolsVersion = 15.0;
					};
					8542BFB22B4475C4003074C3 = {
						CreatedOnToolsVersion = 15.0;
						TestTargetID = 8542BF9C2B4475C1003074C3;
					};
					8542BFBC2B4475C4003074C3 = {
						CreatedOnToolsVersion = 15.0;
						TestTargetID = 8542BF9C2B4475C1003074C3;
					};
				};
			};
			buildConfigurationList = 8542BF982B4475C0003074C3 /* Build configuration list for PBXProject "ChiTieuCaNhan" */;
			compatibilityVersion = "Xcode 14.0";
			developmentRegion = en;
			hasScannedForEncodings = 0;
			knownRegions = (
				en,
				Base,
			);
			mainGroup = 8542BF942B4475C0003074C3;
			productRefGroup = 8542BF9E2B4475C1003074C3 /* Products */;
			projectDirPath = "";
			projectRoot = "";
			targets = (
				8542BF9C2B4475C1003074C3 /* ChiTieuCaNhan */,
				8542BFB22B4475C4003074C3 /* ChiTieuCaNhanTests */,
				8542BFBC2B4475C4003074C3 /* ChiTieuCaNhanUITests */,
			);
		};
/* End PBXProject section */

/* Begin PBXResourcesBuildPhase section */
		8542BF9B2B4475C1003074C3 /* Resources */ = {
			isa = PBXResourcesBuildPhase;
			buildActionMask = 2147483647;
			files = (
				8542BFAD2B4475C3003074C3 /* LaunchScreen.storyboard in Resources */,
				8542BFAA2B4475C3003074C3 /* Assets.xcassets in Resources */,
				8542BFA82B4475C1003074C3 /* Main.storyboard in Resources */,
			);
			runOnlyForDeploymentPostprocessing = 0;
		};
		8542BFB12B4475C4003074C3 /* Resources */ = {
			isa = PBXResourcesBuildPhase;
			buildActionMask = 2147483647;
			files = (
			);
			runOnlyForDeploymentPostprocessing = 0;
		};
		8542BFBB2B4475C4003074C3 /* Resources */ = {
			isa = PBXResourcesBuildPhase;
			buildActionMask = 2147483647;
			files = (
			);
			runOnlyForDeploymentPostprocessing = 0;
		};
/* End PBXResourcesBuildPhase section */

/* Begin PBXShellScriptBuildPhase section */
		014D712618F28BB2A0990E1E /* [CP] Embed Pods Frameworks */ = {
			isa = PBXShellScriptBuildPhase;
			buildActionMask = 2147483647;
			files = (
			);
			inputFileListPaths = (
				"${PODS_ROOT}/Target Support Files/Pods-ChiTieuCaNhan/Pods-ChiTieuCaNhan-frameworks-${CONFIGURATION}-input-files.xcfilelist",
			);
			name = "[CP] Embed Pods Frameworks";
			outputFileListPaths = (
				"${PODS_ROOT}/Target Support Files/Pods-ChiTieuCaNhan/Pods-ChiTieuCaNhan-frameworks-${CONFIGURATION}-output-files.xcfilelist",
			);
			runOnlyForDeploymentPostprocessing = 0;
			shellPath = /bin/sh;
			shellScript = "\"${PODS_ROOT}/Target Support Files/Pods-ChiTieuCaNhan/Pods-ChiTieuCaNhan-frameworks.sh\"\n";
			showEnvVarsInLog = 0;
		};
		2E658738F717237B23790ECF /* [CP] Check Pods Manifest.lock */ = {
			isa = PBXShellScriptBuildPhase;
			buildActionMask = 2147483647;
			files = (
			);
			inputFileListPaths = (
			);
			inputPaths = (
				"${PODS_PODFILE_DIR_PATH}/Podfile.lock",
				"${PODS_ROOT}/Manifest.lock",
			);
			name = "[CP] Check Pods Manifest.lock";
			outputFileListPaths = (
			);
			outputPaths = (
				"$(DERIVED_FILE_DIR)/Pods-ChiTieuCaNhan-ChiTieuCaNhanUITests-checkManifestLockResult.txt",
			);
			runOnlyForDeploymentPostprocessing = 0;
			shellPath = /bin/sh;
			shellScript = "diff \"${PODS_PODFILE_DIR_PATH}/Podfile.lock\" \"${PODS_ROOT}/Manifest.lock\" > /dev/null\nif [ $? != 0 ] ; then\n    # print error to STDERR\n    echo \"error: The sandbox is not in sync with the Podfile.lock. Run 'pod install' or update your CocoaPods installation.\" >&2\n    exit 1\nfi\n# This output is used by Xcode 'outputs' to avoid re-running this script phase.\necho \"SUCCESS\" > \"${SCRIPT_OUTPUT_FILE_0}\"\n";
			showEnvVarsInLog = 0;
		};
		62973F2B28A40F20BBDAEF90 /* [CP] Check Pods Manifest.lock */ = {
			isa = PBXShellScriptBuildPhase;
			buildActionMask = 2147483647;
			files = (
			);
			inputFileListPaths = (
			);
			inputPaths = (
				"${PODS_PODFILE_DIR_PATH}/Podfile.lock",
				"${PODS_ROOT}/Manifest.lock",
			);
			name = "[CP] Check Pods Manifest.lock";
			outputFileListPaths = (
			);
			outputPaths = (
				"$(DERIVED_FILE_DIR)/Pods-ChiTieuCaNhan-checkManifestLockResult.txt",
			);
			runOnlyForDeploymentPostprocessing = 0;
			shellPath = /bin/sh;
			shellScript = "diff \"${PODS_PODFILE_DIR_PATH}/Podfile.lock\" \"${PODS_ROOT}/Manifest.lock\" > /dev/null\nif [ $? != 0 ] ; then\n    # print error to STDERR\n    echo \"error: The sandbox is not in sync with the Podfile.lock. Run 'pod install' or update your CocoaPods installation.\" >&2\n    exit 1\nfi\n# This output is used by Xcode 'outputs' to avoid re-running this script phase.\necho \"SUCCESS\" > \"${SCRIPT_OUTPUT_FILE_0}\"\n";
			showEnvVarsInLog = 0;
		};
		65B5A8522333A74758F802CA /* [CP] Check Pods Manifest.lock */ = {
			isa = PBXShellScriptBuildPhase;
			buildActionMask = 2147483647;
			files = (
			);
			inputFileListPaths = (
			);
			inputPaths = (
				"${PODS_PODFILE_DIR_PATH}/Podfile.lock",
				"${PODS_ROOT}/Manifest.lock",
			);
			name = "[CP] Check Pods Manifest.lock";
			outputFileListPaths = (
			);
			outputPaths = (
				"$(DERIVED_FILE_DIR)/Pods-ChiTieuCaNhanTests-checkManifestLockResult.txt",
			);
			runOnlyForDeploymentPostprocessing = 0;
			shellPath = /bin/sh;
			shellScript = "diff \"${PODS_PODFILE_DIR_PATH}/Podfile.lock\" \"${PODS_ROOT}/Manifest.lock\" > /dev/null\nif [ $? != 0 ] ; then\n    # print error to STDERR\n    echo \"error: The sandbox is not in sync with the Podfile.lock. Run 'pod install' or update your CocoaPods installation.\" >&2\n    exit 1\nfi\n# This output is used by Xcode 'outputs' to avoid re-running this script phase.\necho \"SUCCESS\" > \"${SCRIPT_OUTPUT_FILE_0}\"\n";
			showEnvVarsInLog = 0;
		};
		CF5C2EC5821F9D861C0C444E /* [CP] Embed Pods Frameworks */ = {
			isa = PBXShellScriptBuildPhase;
			buildActionMask = 2147483647;
			files = (
			);
			inputFileListPaths = (
				"${PODS_ROOT}/Target Support Files/Pods-ChiTieuCaNhan-ChiTieuCaNhanUITests/Pods-ChiTieuCaNhan-ChiTieuCaNhanUITests-frameworks-${CONFIGURATION}-input-files.xcfilelist",
			);
			name = "[CP] Embed Pods Frameworks";
			outputFileListPaths = (
				"${PODS_ROOT}/Target Support Files/Pods-ChiTieuCaNhan-ChiTieuCaNhanUITests/Pods-ChiTieuCaNhan-ChiTieuCaNhanUITests-frameworks-${CONFIGURATION}-output-files.xcfilelist",
			);
			runOnlyForDeploymentPostprocessing = 0;
			shellPath = /bin/sh;
			shellScript = "\"${PODS_ROOT}/Target Support Files/Pods-ChiTieuCaNhan-ChiTieuCaNhanUITests/Pods-ChiTieuCaNhan-ChiTieuCaNhanUITests-frameworks.sh\"\n";
			showEnvVarsInLog = 0;
		};
/* End PBXShellScriptBuildPhase section */

/* Begin PBXSourcesBuildPhase section */
		8542BF992B4475C1003074C3 /* Sources */ = {
			isa = PBXSourcesBuildPhase;
			buildActionMask = 2147483647;
			files = (
				8542BFD52B447766003074C3 /* AddEditTableViewController.swift in Sources */,
				8542BFA52B4475C1003074C3 /* ViewController.swift in Sources */,
				8542BFA12B4475C1003074C3 /* AppDelegate.swift in Sources */,
				8542BFA32B4475C1003074C3 /* SceneDelegate.swift in Sources */,
				8542BFD32B4476FC003074C3 /* ChiTieuTableViewController.swift in Sources */,
				8542BFD12B4476B4003074C3 /* ChiTieu.swift in Sources */,
				8542BFD72B4477A5003074C3 /* ChiTieuTableViewCell.swift in Sources */,
			);
			runOnlyForDeploymentPostprocessing = 0;
		};
		8542BFAF2B4475C4003074C3 /* Sources */ = {
			isa = PBXSourcesBuildPhase;
			buildActionMask = 2147483647;
			files = (
				8542BFB82B4475C4003074C3 /* ChiTieuCaNhanTests.swift in Sources */,
			);
			runOnlyForDeploymentPostprocessing = 0;
		};
		8542BFB92B4475C4003074C3 /* Sources */ = {
			isa = PBXSourcesBuildPhase;
			buildActionMask = 2147483647;
			files = (
				8542BFC22B4475C4003074C3 /* ChiTieuCaNhanUITests.swift in Sources */,
				8542BFC42B4475C4003074C3 /* ChiTieuCaNhanUITestsLaunchTests.swift in Sources */,
			);
			runOnlyForDeploymentPostprocessing = 0;
		};
/* End PBXSourcesBuildPhase section */

/* Begin PBXTargetDependency section */
		8542BFB52B4475C4003074C3 /* PBXTargetDependency */ = {
			isa = PBXTargetDependency;
			target = 8542BF9C2B4475C1003074C3 /* ChiTieuCaNhan */;
			targetProxy = 8542BFB42B4475C4003074C3 /* PBXContainerItemProxy */;
		};
		8542BFBF2B4475C4003074C3 /* PBXTargetDependency */ = {
			isa = PBXTargetDependency;
			target = 8542BF9C2B4475C1003074C3 /* ChiTieuCaNhan */;
			targetProxy = 8542BFBE2B4475C4003074C3 /* PBXContainerItemProxy */;
		};
/* End PBXTargetDependency section */

/* Begin PBXVariantGroup section */
		8542BFA62B4475C1003074C3 /* Main.storyboard */ = {
			isa = PBXVariantGroup;
			children = (
				8542BFA72B4475C1003074C3 /* Base */,
			);
			name = Main.storyboard;
			sourceTree = "<group>";
		};
		8542BFAB2B4475C3003074C3 /* LaunchScreen.storyboard */ = {
			isa = PBXVariantGroup;
			children = (
				8542BFAC2B4475C3003074C3 /* Base */,
			);
			name = LaunchScreen.storyboard;
			sourceTree = "<group>";
		};
/* End PBXVariantGroup section */

/* Begin XCBuildConfiguration section */
		8542BFC52B4475C4003074C3 /* Debug */ = {
			isa = XCBuildConfiguration;
			buildSettings = {
				ALWAYS_SEARCH_USER_PATHS = NO;
				ASSETCATALOG_COMPILER_GENERATE_SWIFT_ASSET_SYMBOL_EXTENSIONS = YES;
				CLANG_ANALYZER_NONNULL = YES;
				CLANG_ANALYZER_NUMBER_OBJECT_CONVERSION = YES_AGGRESSIVE;
				CLANG_CXX_LANGUAGE_STANDARD = "gnu++20";
				CLANG_ENABLE_MODULES = YES;
				CLANG_ENABLE_OBJC_ARC = YES;
				CLANG_ENABLE_OBJC_WEAK = YES;
				CLANG_WARN_BLOCK_CAPTURE_AUTORELEASING = YES;
				CLANG_WARN_BOOL_CONVERSION = YES;
				CLANG_WARN_COMMA = YES;
				CLANG_WARN_CONSTANT_CONVERSION = YES;
				CLANG_WARN_DEPRECATED_OBJC_IMPLEMENTATIONS = YES;
				CLANG_WARN_DIRECT_OBJC_ISA_USAGE = YES_ERROR;
				CLANG_WARN_DOCUMENTATION_COMMENTS = YES;
				CLANG_WARN_EMPTY_BODY = YES;
				CLANG_WARN_ENUM_CONVERSION = YES;
				CLANG_WARN_INFINITE_RECURSION = YES;
				CLANG_WARN_INT_CONVERSION = YES;
				CLANG_WARN_NON_LITERAL_NULL_CONVERSION = YES;
				CLANG_WARN_OBJC_IMPLICIT_RETAIN_SELF = YES;
				CLANG_WARN_OBJC_LITERAL_CONVERSION = YES;
				CLANG_WARN_OBJC_ROOT_CLASS = YES_ERROR;
				CLANG_WARN_QUOTED_INCLUDE_IN_FRAMEWORK_HEADER = YES;
				CLANG_WARN_RANGE_LOOP_ANALYSIS = YES;
				CLANG_WARN_STRICT_PROTOTYPES = YES;
				CLANG_WARN_SUSPICIOUS_MOVE = YES;
				CLANG_WARN_UNGUARDED_AVAILABILITY = YES_AGGRESSIVE;
				CLANG_WARN_UNREACHABLE_CODE = YES;
				CLANG_WARN__DUPLICATE_METHOD_MATCH = YES;
				COPY_PHASE_STRIP = NO;
				DEBUG_INFORMATION_FORMAT = dwarf;
				ENABLE_STRICT_OBJC_MSGSEND = YES;
				ENABLE_TESTABILITY = YES;
				ENABLE_USER_SCRIPT_SANDBOXING = YES;
				GCC_C_LANGUAGE_STANDARD = gnu17;
				GCC_DYNAMIC_NO_PIC = NO;
				GCC_NO_COMMON_BLOCKS = YES;
				GCC_OPTIMIZATION_LEVEL = 0;
				GCC_PREPROCESSOR_DEFINITIONS = (
					"DEBUG=1",
					"$(inherited)",
				);
				GCC_WARN_64_TO_32_BIT_CONVERSION = YES;
				GCC_WARN_ABOUT_RETURN_TYPE = YES_ERROR;
				GCC_WARN_UNDECLARED_SELECTOR = YES;
				GCC_WARN_UNINITIALIZED_AUTOS = YES_AGGRESSIVE;
				GCC_WARN_UNUSED_FUNCTION = YES;
				GCC_WARN_UNUSED_VARIABLE = YES;
				IPHONEOS_DEPLOYMENT_TARGET = 17.0;
				LOCALIZATION_PREFERS_STRING_CATALOGS = YES;
				MTL_ENABLE_DEBUG_INFO = INCLUDE_SOURCE;
				MTL_FAST_MATH = YES;
				ONLY_ACTIVE_ARCH = YES;
				SDKROOT = iphoneos;
				SWIFT_ACTIVE_COMPILATION_CONDITIONS = "DEBUG $(inherited)";
				SWIFT_OPTIMIZATION_LEVEL = "-Onone";
			};
			name = Debug;
		};
		8542BFC62B4475C4003074C3 /* Release */ = {
			isa = XCBuildConfiguration;
			buildSettings = {
				ALWAYS_SEARCH_USER_PATHS = NO;
				ASSETCATALOG_COMPILER_GENERATE_SWIFT_ASSET_SYMBOL_EXTENSIONS = YES;
				CLANG_ANALYZER_NONNULL = YES;
				CLANG_ANALYZER_NUMBER_OBJECT_CONVERSION = YES_AGGRESSIVE;
				CLANG_CXX_LANGUAGE_STANDARD = "gnu++20";
				CLANG_ENABLE_MODULES = YES;
				CLANG_ENABLE_OBJC_ARC = YES;
				CLANG_ENABLE_OBJC_WEAK = YES;
				CLANG_WARN_BLOCK_CAPTURE_AUTORELEASING = YES;
				CLANG_WARN_BOOL_CONVERSION = YES;
				CLANG_WARN_COMMA = YES;
				CLANG_WARN_CONSTANT_CONVERSION = YES;
				CLANG_WARN_DEPRECATED_OBJC_IMPLEMENTATIONS = YES;
				CLANG_WARN_DIRECT_OBJC_ISA_USAGE = YES_ERROR;
				CLANG_WARN_DOCUMENTATION_COMMENTS = YES;
				CLANG_WARN_EMPTY_BODY = YES;
				CLANG_WARN_ENUM_CONVERSION = YES;
				CLANG_WARN_INFINITE_RECURSION = YES;
				CLANG_WARN_INT_CONVERSION = YES;
				CLANG_WARN_NON_LITERAL_NULL_CONVERSION = YES;
				CLANG_WARN_OBJC_IMPLICIT_RETAIN_SELF = YES;
				CLANG_WARN_OBJC_LITERAL_CONVERSION = YES;
				CLANG_WARN_OBJC_ROOT_CLASS = YES_ERROR;
				CLANG_WARN_QUOTED_INCLUDE_IN_FRAMEWORK_HEADER = YES;
				CLANG_WARN_RANGE_LOOP_ANALYSIS = YES;
				CLANG_WARN_STRICT_PROTOTYPES = YES;
				CLANG_WARN_SUSPICIOUS_MOVE = YES;
				CLANG_WARN_UNGUARDED_AVAILABILITY = YES_AGGRESSIVE;
				CLANG_WARN_UNREACHABLE_CODE = YES;
				CLANG_WARN__DUPLICATE_METHOD_MATCH = YES;
				COPY_PHASE_STRIP = NO;
				DEBUG_INFORMATION_FORMAT = "dwarf-with-dsym";
				ENABLE_NS_ASSERTIONS = NO;
				ENABLE_STRICT_OBJC_MSGSEND = YES;
				ENABLE_USER_SCRIPT_SANDBOXING = YES;
				GCC_C_LANGUAGE_STANDARD = gnu17;
				GCC_NO_COMMON_BLOCKS = YES;
				GCC_WARN_64_TO_32_BIT_CONVERSION = YES;
				GCC_WARN_ABOUT_RETURN_TYPE = YES_ERROR;
				GCC_WARN_UNDECLARED_SELECTOR = YES;
				GCC_WARN_UNINITIALIZED_AUTOS = YES_AGGRESSIVE;
				GCC_WARN_UNUSED_FUNCTION = YES;
				GCC_WARN_UNUSED_VARIABLE = YES;
				IPHONEOS_DEPLOYMENT_TARGET = 17.0;
				LOCALIZATION_PREFERS_STRING_CATALOGS = YES;
				MTL_ENABLE_DEBUG_INFO = NO;
				MTL_FAST_MATH = YES;
				SDKROOT = iphoneos;
				SWIFT_COMPILATION_MODE = wholemodule;
				VALIDATE_PRODUCT = YES;
			};
			name = Release;
		};
		8542BFC82B4475C4003074C3 /* Debug */ = {
			isa = XCBuildConfiguration;
			baseConfigurationReference = 41CE79089D4265E84B0A2279 /* Pods-ChiTieuCaNhan.debug.xcconfig */;
			buildSettings = {
				ASSETCATALOG_COMPILER_APPICON_NAME = AppIcon;
				ASSETCATALOG_COMPILER_GLOBAL_ACCENT_COLOR_NAME = AccentColor;
				CODE_SIGN_STYLE = Automatic;
				CURRENT_PROJECT_VERSION = 1;
				DEVELOPMENT_TEAM = 64PJC6BRWB;
				ENABLE_USER_SCRIPT_SANDBOXING = NO;
				GENERATE_INFOPLIST_FILE = YES;
				INFOPLIST_FILE = ChiTieuCaNhan/Info.plist;
				INFOPLIST_KEY_UIApplicationSupportsIndirectInputEvents = YES;
				INFOPLIST_KEY_UILaunchStoryboardName = LaunchScreen;
				INFOPLIST_KEY_UIMainStoryboardFile = Main;
				INFOPLIST_KEY_UISupportedInterfaceOrientations_iPad = "UIInterfaceOrientationPortrait UIInterfaceOrientationPortraitUpsideDown UIInterfaceOrientationLandscapeLeft UIInterfaceOrientationLandscapeRight";
				INFOPLIST_KEY_UISupportedInterfaceOrientations_iPhone = "UIInterfaceOrientationPortrait UIInterfaceOrientationLandscapeLeft UIInterfaceOrientationLandscapeRight";
				LD_RUNPATH_SEARCH_PATHS = (
					"$(inherited)",
					"@executable_path/Frameworks",
				);
				MARKETING_VERSION = 1.0;
				PRODUCT_BUNDLE_IDENTIFIER = com.thinn.ChiTieuCaNhan;
				PRODUCT_NAME = "$(TARGET_NAME)";
				SWIFT_EMIT_LOC_STRINGS = YES;
				SWIFT_VERSION = 5.0;
				TARGETED_DEVICE_FAMILY = "1,2";
			};
			name = Debug;
		};
		8542BFC92B4475C4003074C3 /* Release */ = {
			isa = XCBuildConfiguration;
			baseConfigurationReference = F5B765DB9E41485FE9BF378C /* Pods-ChiTieuCaNhan.release.xcconfig */;
			buildSettings = {
				ASSETCATALOG_COMPILER_APPICON_NAME = AppIcon;
				ASSETCATALOG_COMPILER_GLOBAL_ACCENT_COLOR_NAME = AccentColor;
				CODE_SIGN_STYLE = Automatic;
				CURRENT_PROJECT_VERSION = 1;
				DEVELOPMENT_TEAM = 64PJC6BRWB;
				ENABLE_USER_SCRIPT_SANDBOXING = NO;
				GENERATE_INFOPLIST_FILE = YES;
				INFOPLIST_FILE = ChiTieuCaNhan/Info.plist;
				INFOPLIST_KEY_UIApplicationSupportsIndirectInputEvents = YES;
				INFOPLIST_KEY_UILaunchStoryboardName = LaunchScreen;
				INFOPLIST_KEY_UIMainStoryboardFile = Main;
				INFOPLIST_KEY_UISupportedInterfaceOrientations_iPad = "UIInterfaceOrientationPortrait UIInterfaceOrientationPortraitUpsideDown UIInterfaceOrientationLandscapeLeft UIInterfaceOrientationLandscapeRight";
				INFOPLIST_KEY_UISupportedInterfaceOrientations_iPhone = "UIInterfaceOrientationPortrait UIInterfaceOrientationLandscapeLeft UIInterfaceOrientationLandscapeRight";
				LD_RUNPATH_SEARCH_PATHS = (
					"$(inherited)",
					"@executable_path/Frameworks",
				);
				MARKETING_VERSION = 1.0;
				PRODUCT_BUNDLE_IDENTIFIER = com.thinn.ChiTieuCaNhan;
				PRODUCT_NAME = "$(TARGET_NAME)";
				SWIFT_EMIT_LOC_STRINGS = YES;
				SWIFT_VERSION = 5.0;
				TARGETED_DEVICE_FAMILY = "1,2";
			};
			name = Release;
		};
		8542BFCB2B4475C4003074C3 /* Debug */ = {
			isa = XCBuildConfiguration;
			baseConfigurationReference = 631888F81A9836453C94FF00 /* Pods-ChiTieuCaNhanTests.debug.xcconfig */;
			buildSettings = {
				ALWAYS_EMBED_SWIFT_STANDARD_LIBRARIES = YES;
				BUNDLE_LOADER = "$(TEST_HOST)";
				CODE_SIGN_STYLE = Automatic;
				CURRENT_PROJECT_VERSION = 1;
				DEVELOPMENT_TEAM = 64PJC6BRWB;
				GENERATE_INFOPLIST_FILE = YES;
				IPHONEOS_DEPLOYMENT_TARGET = 17.0;
				MARKETING_VERSION = 1.0;
				PRODUCT_BUNDLE_IDENTIFIER = com.thinn.ChiTieuCaNhanTests;
				PRODUCT_NAME = "$(TARGET_NAME)";
				SWIFT_EMIT_LOC_STRINGS = NO;
				SWIFT_VERSION = 5.0;
				TARGETED_DEVICE_FAMILY = "1,2";
				TEST_HOST = "$(BUILT_PRODUCTS_DIR)/ChiTieuCaNhan.app/$(BUNDLE_EXECUTABLE_FOLDER_PATH)/ChiTieuCaNhan";
			};
			name = Debug;
		};
		8542BFCC2B4475C4003074C3 /* Release */ = {
			isa = XCBuildConfiguration;
			baseConfigurationReference = F1D1557AF204B4ABAC020B2C /* Pods-ChiTieuCaNhanTests.release.xcconfig */;
			buildSettings = {
				ALWAYS_EMBED_SWIFT_STANDARD_LIBRARIES = YES;
				BUNDLE_LOADER = "$(TEST_HOST)";
				CODE_SIGN_STYLE = Automatic;
				CURRENT_PROJECT_VERSION = 1;
				DEVELOPMENT_TEAM = 64PJC6BRWB;
				GENERATE_INFOPLIST_FILE = YES;
				IPHONEOS_DEPLOYMENT_TARGET = 17.0;
				MARKETING_VERSION = 1.0;
				PRODUCT_BUNDLE_IDENTIFIER = com.thinn.ChiTieuCaNhanTests;
				PRODUCT_NAME = "$(TARGET_NAME)";
				SWIFT_EMIT_LOC_STRINGS = NO;
				SWIFT_VERSION = 5.0;
				TARGETED_DEVICE_FAMILY = "1,2";
				TEST_HOST = "$(BUILT_PRODUCTS_DIR)/ChiTieuCaNhan.app/$(BUNDLE_EXECUTABLE_FOLDER_PATH)/ChiTieuCaNhan";
			};
			name = Release;
		};
		8542BFCE2B4475C4003074C3 /* Debug */ = {
			isa = XCBuildConfiguration;
			baseConfigurationReference = 45336C44A9964B8155D74346 /* Pods-ChiTieuCaNhan-ChiTieuCaNhanUITests.debug.xcconfig */;
			buildSettings = {
				ALWAYS_EMBED_SWIFT_STANDARD_LIBRARIES = YES;
				CODE_SIGN_STYLE = Automatic;
				CURRENT_PROJECT_VERSION = 1;
				DEVELOPMENT_TEAM = 64PJC6BRWB;
				GENERATE_INFOPLIST_FILE = YES;
				MARKETING_VERSION = 1.0;
				PRODUCT_BUNDLE_IDENTIFIER = com.thinn.ChiTieuCaNhanUITests;
				PRODUCT_NAME = "$(TARGET_NAME)";
				SWIFT_EMIT_LOC_STRINGS = NO;
				SWIFT_VERSION = 5.0;
				TARGETED_DEVICE_FAMILY = "1,2";
				TEST_TARGET_NAME = ChiTieuCaNhan;
			};
			name = Debug;
		};
		8542BFCF2B4475C4003074C3 /* Release */ = {
			isa = XCBuildConfiguration;
			baseConfigurationReference = E9DB46024825AFDC667D2DA9 /* Pods-ChiTieuCaNhan-ChiTieuCaNhanUITests.release.xcconfig */;
			buildSettings = {
				ALWAYS_EMBED_SWIFT_STANDARD_LIBRARIES = YES;
				CODE_SIGN_STYLE = Automatic;
				CURRENT_PROJECT_VERSION = 1;
				DEVELOPMENT_TEAM = 64PJC6BRWB;
				GENERATE_INFOPLIST_FILE = YES;
				MARKETING_VERSION = 1.0;
				PRODUCT_BUNDLE_IDENTIFIER = com.thinn.ChiTieuCaNhanUITests;
				PRODUCT_NAME = "$(TARGET_NAME)";
				SWIFT_EMIT_LOC_STRINGS = NO;
				SWIFT_VERSION = 5.0;
				TARGETED_DEVICE_FAMILY = "1,2";
				TEST_TARGET_NAME = ChiTieuCaNhan;
			};
			name = Release;
		};
/* End XCBuildConfiguration section */

/* Begin XCConfigurationList section */
		8542BF982B4475C0003074C3 /* Build configuration list for PBXProject "ChiTieuCaNhan" */ = {
			isa = XCConfigurationList;
			buildConfigurations = (
				8542BFC52B4475C4003074C3 /* Debug */,
				8542BFC62B4475C4003074C3 /* Release */,
			);
			defaultConfigurationIsVisible = 0;
			defaultConfigurationName = Release;
		};
		8542BFC72B4475C4003074C3 /* Build configuration list for PBXNativeTarget "ChiTieuCaNhan" */ = {
			isa = XCConfigurationList;
			buildConfigurations = (
				8542BFC82B4475C4003074C3 /* Debug */,
				8542BFC92B4475C4003074C3 /* Release */,
			);
			defaultConfigurationIsVisible = 0;
			defaultConfigurationName = Release;
		};
		8542BFCA2B4475C4003074C3 /* Build configuration list for PBXNativeTarget "ChiTieuCaNhanTests" */ = {
			isa = XCConfigurationList;
			buildConfigurations = (
				8542BFCB2B4475C4003074C3 /* Debug */,
				8542BFCC2B4475C4003074C3 /* Release */,
			);
			defaultConfigurationIsVisible = 0;
			defaultConfigurationName = Release;
		};
		8542BFCD2B4475C4003074C3 /* Build configuration list for PBXNativeTarget "ChiTieuCaNhanUITests" */ = {
			isa = XCConfigurationList;
			buildConfigurations = (
				8542BFCE2B4475C4003074C3 /* Debug */,
				8542BFCF2B4475C4003074C3 /* Release */,
			);
			defaultConfigurationIsVisible = 0;
			defaultConfigurationName = Release;
		};
/* End XCConfigurationList section */
	};
	rootObject = 8542BF952B4475C0003074C3 /* Project object */;
}
